
Microsoft Visual Studio Solution File, Format Version 12.00
# Visual Studio Version 16
VisualStudioVersion = 16.0.31624.102
MinimumVisualStudioVersion = 10.0.40219.1
Project("{8BC9CEB8-8B4A-11D0-8D11-00A0C91BC942}") = "Lab1", "Lab1\Lab1.vcxproj", "{C2D2ACAB-70DB-45F2-B5D4-31D2AC67D2F6}"
EndProject
Project("{888888A0-9F3D-457C-B088-3A5042F75D52}") = "lab_1", "lab_1\lab_1.pyproj", "{68E5A2D6-677F-4D94-BC7A-15B1F1664A13}"
EndProject
Project("{8BC9CEB8-8B4A-11D0-8D11-00A0C91BC942}") = "Lab2", "Lab2\Lab2.vcxproj", "{62164864-CF99-473E-82FC-BF3817CBB776}"
EndProject
Project("{888888A0-9F3D-457C-B088-3A5042F75D52}") = "lab_2", "lab_2\lab_2.pyproj", "{53D8980E-9B10-4F9C-9F8C-0CCD0FE23F35}"
EndProject
Project("{8BC9CEB8-8B4A-11D0-8D11-00A0C91BC942}") = "Lab3", "Lab3\Lab3.vcxproj", "{B0EF97E8-357B-4A4B-B8BE-DDDC3EFF9D94}"
EndProject
Global
	GlobalSection(SolutionConfigurationPlatforms) = preSolution
		Debug|Any CPU = Debug|Any CPU
		Debug|x64 = Debug|x64
		Debug|x86 = Debug|x86
		Release|Any CPU = Release|Any CPU
		Release|x64 = Release|x64
		Release|x86 = Release|x86
	EndGlobalSection
	GlobalSection(ProjectConfigurationPlatforms) = postSolution
		{C2D2ACAB-70DB-45F2-B5D4-31D2AC67D2F6}.Debug|Any CPU.ActiveCfg = Debug|Win32
		{C2D2ACAB-70DB-45F2-B5D4-31D2AC67D2F6}.Debug|x64.ActiveCfg = Debug|x64
		{C2D2ACAB-70DB-45F2-B5D4-31D2AC67D2F6}.Debug|x64.Build.0 = Debug|x64
		{C2D2ACAB-70DB-45F2-B5D4-31D2AC67D2F6}.Debug|x86.ActiveCfg = Debug|Win32
		{C2D2ACAB-70DB-45F2-B5D4-31D2AC67D2F6}.Debug|x86.Build.0 = Debug|Win32
		{C2D2ACAB-70DB-45F2-B5D4-31D2AC67D2F6}.Release|Any CPU.ActiveCfg = Release|Win32
		{C2D2ACAB-70DB-45F2-B5D4-31D2AC67D2F6}.Release|x64.ActiveCfg = Release|x64
		{C2D2ACAB-70DB-45F2-B5D4-31D2AC67D2F6}.Release|x64.Build.0 = Release|x64
		{C2D2ACAB-70DB-45F2-B5D4-31D2AC67D2F6}.Release|x86.ActiveCfg = Release|Win32
		{C2D2ACAB-70DB-45F2-B5D4-31D2AC67D2F6}.Release|x86.Build.0 = Release|Win32
		{68E5A2D6-677F-4D94-BC7A-15B1F1664A13}.Debug|Any CPU.ActiveCfg = Debug|Any CPU
		{68E5A2D6-677F-4D94-BC7A-15B1F1664A13}.Debug|x64.ActiveCfg = Debug|Any CPU
		{68E5A2D6-677F-4D94-BC7A-15B1F1664A13}.Debug|x86.ActiveCfg = Debug|Any CPU
		{68E5A2D6-677F-4D94-BC7A-15B1F1664A13}.Release|Any CPU.ActiveCfg = Release|Any CPU
		{68E5A2D6-677F-4D94-BC7A-15B1F1664A13}.Release|x64.ActiveCfg = Release|Any CPU
		{68E5A2D6-677F-4D94-BC7A-15B1F1664A13}.Release|x86.ActiveCfg = Release|Any CPU
		{62164864-CF99-473E-82FC-BF3817CBB776}.Debug|Any CPU.ActiveCfg = Debug|Win32
		{62164864-CF99-473E-82FC-BF3817CBB776}.Debug|x64.ActiveCfg = Debug|x64
		{62164864-CF99-473E-82FC-BF3817CBB776}.Debug|x64.Build.0 = Debug|x64
		{62164864-CF99-473E-82FC-BF3817CBB776}.Debug|x86.ActiveCfg = Debug|Win32
		{62164864-CF99-473E-82FC-BF3817CBB776}.Debug|x86.Build.0 = Debug|Win32
		{62164864-CF99-473E-82FC-BF3817CBB776}.Release|Any CPU.ActiveCfg = Release|Win32
		{62164864-CF99-473E-82FC-BF3817CBB776}.Release|x64.ActiveCfg = Release|x64
		{62164864-CF99-473E-82FC-BF3817CBB776}.Release|x64.Build.0 = Release|x64
		{62164864-CF99-473E-82FC-BF3817CBB776}.Release|x86.ActiveCfg = Release|Win32
		{62164864-CF99-473E-82FC-BF3817CBB776}.Release|x86.Build.0 = Release|Win32
		{53D8980E-9B10-4F9C-9F8C-0CCD0FE23F35}.Debug|Any CPU.ActiveCfg = Debug|Any CPU
		{53D8980E-9B10-4F9C-9F8C-0CCD0FE23F35}.Debug|x64.ActiveCfg = Debug|Any CPU
		{53D8980E-9B10-4F9C-9F8C-0CCD0FE23F35}.Debug|x86.ActiveCfg = Debug|Any CPU
		{53D8980E-9B10-4F9C-9F8C-0CCD0FE23F35}.Release|Any CPU.ActiveCfg = Release|Any CPU
		{53D8980E-9B10-4F9C-9F8C-0CCD0FE23F35}.Release|x64.ActiveCfg = Release|Any CPU
		{53D8980E-9B10-4F9C-9F8C-0CCD0FE23F35}.Release|x86.ActiveCfg = Release|Any CPU
		{B0EF97E8-357B-4A4B-B8BE-DDDC3EFF9D94}.Debug|Any CPU.ActiveCfg = Debug|Win32
		{B0EF97E8-357B-4A4B-B8BE-DDDC3EFF9D94}.Debug|x64.ActiveCfg = Debug|x64
		{B0EF97E8-357B-4A4B-B8BE-DDDC3EFF9D94}.Debug|x64.Build.0 = Debug|x64
		{B0EF97E8-357B-4A4B-B8BE-DDDC3EFF9D94}.Debug|x86.ActiveCfg = Debug|Win32
		{B0EF97E8-357B-4A4B-B8BE-DDDC3EFF9D94}.Debug|x86.Build.0 = Debug|Win32
		{B0EF97E8-357B-4A4B-B8BE-DDDC3EFF9D94}.Release|Any CPU.ActiveCfg = Release|Win32
		{B0EF97E8-357B-4A4B-B8BE-DDDC3EFF9D94}.Release|x64.ActiveCfg = Release|x64
		{B0EF97E8-357B-4A4B-B8BE-DDDC3EFF9D94}.Release|x64.Build.0 = Release|x64
		{B0EF97E8-357B-4A4B-B8BE-DDDC3EFF9D94}.Release|x86.ActiveCfg = Release|Win32
		{B0EF97E8-357B-4A4B-B8BE-DDDC3EFF9D94}.Release|x86.Build.0 = Release|Win32
	EndGlobalSection
	GlobalSection(SolutionProperties) = preSolution
		HideSolutionNode = FALSE
	EndGlobalSection
	GlobalSection(ExtensibilityGlobals) = postSolution
		SolutionGuid = {45104693-6D82-4B40-808E-F05F57B12FE5}
	EndGlobalSection
EndGlobal
